{
  "requires": true,
  "lockfileVersion": 1,
  "dependencies": {
    "bn.js": {
      "version": "5.2.0",
      "resolved": "https://registry.npmjs.org/bn.js/-/bn.js-5.2.0.tgz",
      "integrity": "sha512-D7iWRBvnZE8ecXiLj/9wbxH7Tk79fAh8IHaTNq1RWRixsS02W+5qS+iE9yq6RYl0asXx5tw0bLhmT5pIfbSquw=="
    },
    "openzeppelin-solidity": {
      "version": "2.0.0",
      "resolved": "https://registry.npmjs.org/openzeppelin-solidity/-/openzeppelin-solidity-2.0.0.tgz",
      "integrity": "sha512-SolpxQFArtiYnlSNg3dZ9sz0WVlKtPqSOcJkXRllaZp4+Lpfqz3vxF0yoh7g75TszKPyadqoJmU7+GM/vwh9SA=="
    }
  }
}
